PODS:
  - Flutter (1.0.0)
  - integration_tests (0.0.1):
    - Flutter

DEPENDENCIES:
  - Flutter (from `Flutter`)
  - integration_tests (from `.symlinks/plugins/integration_tests/ios`)

EXTERNAL SOURCES:
  Flutter:
    :path: Flutter
  integration_tests:
    :path: ".symlinks/plugins/integration_tests/ios"

SPEC CHECKSUMS:
  Flutter: 50d75fe2f02b26cc09d224853bb45737f8b3214a
  integration_tests: a1e7d09bd98eca2fc37aefd79d4f41ad37bdbbe5

PODFILE CHECKSUM: 657cc94bd33aa4313faf6b503f9ce04367fd6a53

COCOAPODS: 1.11.2
